
Microsoft Visual Studio Solution File, Format Version 12.00
# Visual Studio Version 16
VisualStudioVersion = 16.0.31112.23
MinimumVisualStudioVersion = 10.0.40219.1
Project("{8BC9CEB8-8B4A-11D0-8D11-00A0C91BC942}") = "Project9_1", "Project9_1.vcxproj", "{BFF97A06-8C5B-430E-9E7E-307EA26737D1}"
EndProject
Global
	GlobalSection(SolutionConfigurationPlatforms) = preSolution
		Debug|x64 = Debug|x64
		Debug|x86 = Debug|x86
		Release|x64 = Release|x64
		Release|x86 = Release|x86
	EndGlobalSection
	GlobalSection(ProjectConfigurationPlatforms) = postSolution
		{BFF97A06-8C5B-430E-9E7E-307EA26737D1}.Debug|x64.ActiveCfg = Debug|x64
		{BFF97A06-8C5B-430E-9E7E-307EA26737D1}.Debug|x64.Build.0 = Debug|x64
		{BFF97A06-8C5B-430E-9E7E-307EA26737D1}.Debug|x86.ActiveCfg = Debug|Win32
		{BFF97A06-8C5B-430E-9E7E-307EA26737D1}.Debug|x86.Build.0 = Debug|Win32
		{BFF97A06-8C5B-430E-9E7E-307EA26737D1}.Release|x64.ActiveCfg = Release|x64
		{BFF97A06-8C5B-430E-9E7E-307EA26737D1}.Release|x64.Build.0 = Release|x64
		{BFF97A06-8C5B-430E-9E7E-307EA26737D1}.Release|x86.ActiveCfg = Release|Win32
		{BFF97A06-8C5B-430E-9E7E-307EA26737D1}.Release|x86.Build.0 = Release|Win32
	EndGlobalSection
	GlobalSection(SolutionProperties) = preSolution
		HideSolutionNode = FALSE
	EndGlobalSection
	GlobalSection(ExtensibilityGlobals) = postSolution
		SolutionGuid = {DBAB873E-9DA9-42E9-9F78-690166475A9B}
	EndGlobalSection
EndGlobal
